
Microsoft Visual Studio Solution File, Format Version 12.00
# Visual Studio Version 17
VisualStudioVersion = 17.5.33627.172
MinimumVisualStudioVersion = 10.0.40219.1
Project("{FAE04EC0-301F-11D3-BF4B-00C04F79EFBC}") = "exception", "exception.csproj", "{67A835EA-B26F-4E0F-A8EA-6627C761D87C}"
EndProject
Global
	GlobalSection(SolutionConfigurationPlatforms) = preSolution
		Debug|Any CPU = Debug|Any CPU
		Release|Any CPU = Release|Any CPU
	EndGlobalSection
	GlobalSection(ProjectConfigurationPlatforms) = postSolution
		{67A835EA-B26F-4E0F-A8EA-6627C761D87C}.Debug|Any CPU.ActiveCfg = Debug|Any CPU
		{67A835EA-B26F-4E0F-A8EA-6627C761D87C}.Debug|Any CPU.Build.0 = Debug|Any CPU
		{67A835EA-B26F-4E0F-A8EA-6627C761D87C}.Release|Any CPU.ActiveCfg = Release|Any CPU
		{67A835EA-B26F-4E0F-A8EA-6627C761D87C}.Release|Any CPU.Build.0 = Release|Any CPU
	EndGlobalSection
	GlobalSection(SolutionProperties) = preSolution
		HideSolutionNode = FALSE
	EndGlobalSection
	GlobalSection(ExtensibilityGlobals) = postSolution
		SolutionGuid = {F8038E27-6CB9-4684-9C06-F5B4EF3D26CA}
	EndGlobalSection
EndGlobal
