
Microsoft Visual Studio Solution File, Format Version 12.00
# Visual Studio Version 17
VisualStudioVersion = 17.5.33627.172
MinimumVisualStudioVersion = 10.0.40219.1
Project("{FAE04EC0-301F-11D3-BF4B-00C04F79EFBC}") = "Selenium", "Selenium.csproj", "{5216E8DE-8700-417C-A58F-7DCBD3F1FF95}"
EndProject
Global
	GlobalSection(SolutionConfigurationPlatforms) = preSolution
		Debug|Any CPU = Debug|Any CPU
		Release|Any CPU = Release|Any CPU
	EndGlobalSection
	GlobalSection(ProjectConfigurationPlatforms) = postSolution
		{5216E8DE-8700-417C-A58F-7DCBD3F1FF95}.Debug|Any CPU.ActiveCfg = Debug|Any CPU
		{5216E8DE-8700-417C-A58F-7DCBD3F1FF95}.Debug|Any CPU.Build.0 = Debug|Any CPU
		{5216E8DE-8700-417C-A58F-7DCBD3F1FF95}.Release|Any CPU.ActiveCfg = Release|Any CPU
		{5216E8DE-8700-417C-A58F-7DCBD3F1FF95}.Release|Any CPU.Build.0 = Release|Any CPU
	EndGlobalSection
	GlobalSection(SolutionProperties) = preSolution
		HideSolutionNode = FALSE
	EndGlobalSection
	GlobalSection(ExtensibilityGlobals) = postSolution
		SolutionGuid = {2BE0BFD0-217B-4AF8-8371-5099246058C1}
	EndGlobalSection
EndGlobal
